
Microsoft Visual Studio Solution File, Format Version 12.00
# Visual Studio Version 16
VisualStudioVersion = 16.0.30320.27
MinimumVisualStudioVersion = 10.0.40219.1
Project("{9A19103F-16F7-4668-BE54-9A1E7A4F7556}") = "LiskovSubstitutionPrinciple", "LiskovSubstitutionPrinciple\LiskovSubstitutionPrinciple.csproj", "{63DC4951-F6D8-48C5-B001-A6524DF88282}"
EndProject
Project("{FAE04EC0-301F-11D3-BF4B-00C04F79EFBC}") = "InterfaceSegregationPrinciple", "InterfaceSegregationPrinciple\InterfaceSegregationPrinciple.csproj", "{1FA45F04-C021-4617-86FE-F52949010136}"
EndProject
Global
	GlobalSection(SolutionConfigurationPlatforms) = preSolution
		Debug|Any CPU = Debug|Any CPU
		Release|Any CPU = Release|Any CPU
	EndGlobalSection
	GlobalSection(ProjectConfigurationPlatforms) = postSolution
		{63DC4951-F6D8-48C5-B001-A6524DF88282}.Debug|Any CPU.ActiveCfg = Debug|Any CPU
		{63DC4951-F6D8-48C5-B001-A6524DF88282}.Debug|Any CPU.Build.0 = Debug|Any CPU
		{63DC4951-F6D8-48C5-B001-A6524DF88282}.Release|Any CPU.ActiveCfg = Release|Any CPU
		{63DC4951-F6D8-48C5-B001-A6524DF88282}.Release|Any CPU.Build.0 = Release|Any CPU
		{1FA45F04-C021-4617-86FE-F52949010136}.Debug|Any CPU.ActiveCfg = Debug|Any CPU
		{1FA45F04-C021-4617-86FE-F52949010136}.Debug|Any CPU.Build.0 = Debug|Any CPU
		{1FA45F04-C021-4617-86FE-F52949010136}.Release|Any CPU.ActiveCfg = Release|Any CPU
		{1FA45F04-C021-4617-86FE-F52949010136}.Release|Any CPU.Build.0 = Release|Any CPU
	EndGlobalSection
	GlobalSection(SolutionProperties) = preSolution
		HideSolutionNode = FALSE
	EndGlobalSection
	GlobalSection(ExtensibilityGlobals) = postSolution
		SolutionGuid = {20559AE5-F536-471B-9A96-B8338B680B94}
	EndGlobalSection
EndGlobal
